
Microsoft Visual Studio Solution File, Format Version 12.00
# Visual Studio 15
VisualStudioVersion = 15.0.27004.2006
MinimumVisualStudioVersion = 10.0.40219.1
Project("{FAE04EC0-301F-11D3-BF4B-00C04F79EFBC}") = "TemperatureMonitor", "TemperatureMonitor\TemperatureMonitor.csproj", "{33861A2F-CEBA-471D-95B6-361748584697}"
EndProject
Global
	GlobalSection(SolutionConfigurationPlatforms) = preSolution
		Debug|Any CPU = Debug|Any CPU
		Release|Any CPU = Release|Any CPU
	EndGlobalSection
	GlobalSection(ProjectConfigurationPlatforms) = postSolution
		{33861A2F-CEBA-471D-95B6-361748584697}.Debug|Any CPU.ActiveCfg = Debug|Any CPU
		{33861A2F-CEBA-471D-95B6-361748584697}.Debug|Any CPU.Build.0 = Debug|Any CPU
		{33861A2F-CEBA-471D-95B6-361748584697}.Release|Any CPU.ActiveCfg = Release|Any CPU
		{33861A2F-CEBA-471D-95B6-361748584697}.Release|Any CPU.Build.0 = Release|Any CPU
	EndGlobalSection
	GlobalSection(SolutionProperties) = preSolution
		HideSolutionNode = FALSE
	EndGlobalSection
	GlobalSection(ExtensibilityGlobals) = postSolution
		SolutionGuid = {AD8EC860-8824-4B2B-A592-96CAB9D8CA92}
	EndGlobalSection
EndGlobal
